PODS:
  - CocoaAsyncSocket (7.6.3)
  - GHODictionary (1.1.0)
  - MDWamp (2.2.1):
    - CocoaAsyncSocket
    - MPMessagePack
    - SocketRocket
  - MPMessagePack (1.4.5):
    - GHODictionary
  - SocketRocket (0.5.1)

DEPENDENCIES:
  - MDWamp (= 2.2.1)

SPEC REPOS:
  https://github.com/cocoapods/specs.git:
    - CocoaAsyncSocket
    - GHODictionary
    - MDWamp
    - MPMessagePack
    - SocketRocket

SPEC CHECKSUMS:
  CocoaAsyncSocket: eafaa68a7e0ec99ead0a7b35015e0bf25d2c8987
  GHODictionary: 225e042596a4b3d5b66b2b24250086b2f95514af
  MDWamp: 6f51ba8053c253609db6a7c8e4e361c52f0c5afd
  MPMessagePack: 5251dcd15e0c626cc50c192bdfcb5af6004cedb4
  SocketRocket: d57c7159b83c3c6655745cd15302aa24b6bae531

PODFILE CHECKSUM: 7fe027ac9e84754bcf6e852d9ceb65e172c0671e

COCOAPODS: 1.5.2
